
Microsoft Visual Studio Solution File, Format Version 12.00
# Visual Studio Version 17
VisualStudioVersion = 17.12.35527.113 d17.12
MinimumVisualStudioVersion = 10.0.40219.1
Project("{FAE04EC0-301F-11D3-BF4B-00C04F79EFBC}") = "ActiveEQ", "ActiveEQ.csproj", "{67D0892B-4FB8-49F3-8F5D-E73301FD71AE}"
EndProject
Project("{FAE04EC0-301F-11D3-BF4B-00C04F79EFBC}") = "REWD", "..\..\..\repos\new\REWD\REWD.csproj", "{05E0ED80-77F3-48EE-BE0D-9A1D5C9C244E}"
EndProject
Project("{FAE04EC0-301F-11D3-BF4B-00C04F79EFBC}") = "CotF-dev", "..\..\..\repos\new\CotF-dev\CotF-dev.csproj", "{1748C9B0-C325-4AB9-B75D-7378F1A6E373}"
EndProject
Global
	GlobalSection(SolutionConfigurationPlatforms) = preSolution
		Debug|Any CPU = Debug|Any CPU
		Release|Any CPU = Release|Any CPU
	EndGlobalSection
	GlobalSection(ProjectConfigurationPlatforms) = postSolution
		{67D0892B-4FB8-49F3-8F5D-E73301FD71AE}.Debug|Any CPU.ActiveCfg = Debug|Any CPU
		{67D0892B-4FB8-49F3-8F5D-E73301FD71AE}.Debug|Any CPU.Build.0 = Debug|Any CPU
		{67D0892B-4FB8-49F3-8F5D-E73301FD71AE}.Release|Any CPU.ActiveCfg = Release|Any CPU
		{67D0892B-4FB8-49F3-8F5D-E73301FD71AE}.Release|Any CPU.Build.0 = Release|Any CPU
		{05E0ED80-77F3-48EE-BE0D-9A1D5C9C244E}.Debug|Any CPU.ActiveCfg = Debug|Any CPU
		{05E0ED80-77F3-48EE-BE0D-9A1D5C9C244E}.Debug|Any CPU.Build.0 = Debug|Any CPU
		{05E0ED80-77F3-48EE-BE0D-9A1D5C9C244E}.Release|Any CPU.ActiveCfg = Release|Any CPU
		{05E0ED80-77F3-48EE-BE0D-9A1D5C9C244E}.Release|Any CPU.Build.0 = Release|Any CPU
		{1748C9B0-C325-4AB9-B75D-7378F1A6E373}.Debug|Any CPU.ActiveCfg = Debug|Any CPU
		{1748C9B0-C325-4AB9-B75D-7378F1A6E373}.Debug|Any CPU.Build.0 = Debug|Any CPU
		{1748C9B0-C325-4AB9-B75D-7378F1A6E373}.Release|Any CPU.ActiveCfg = Release|Any CPU
		{1748C9B0-C325-4AB9-B75D-7378F1A6E373}.Release|Any CPU.Build.0 = Release|Any CPU
	EndGlobalSection
	GlobalSection(SolutionProperties) = preSolution
		HideSolutionNode = FALSE
	EndGlobalSection
EndGlobal
